// !$*UTF8*$!
{
	archiveVersion = 1;
	classes = {
	};
	objectVersion = 46;
	objects = {

/* Begin PBXBuildFile section */
		C64CDDFB1BE4C56C00F72549 /* BKAvailability.swift in Sources */ = {isa = PBXBuildFile; fileRef = C67A22721B8C80C300CB74CE /* BKAvailability.swift */; };
		C64CDDFC1BE4C56C00F72549 /* BKCBCentralManagerDelegateProxy.swift in Sources */ = {isa = PBXBuildFile; fileRef = C687E3A61B8B4A2800B702D8 /* BKCBCentralManagerDelegateProxy.swift */; };
		C64CDDFD1BE4C56C00F72549 /* BKCBPeripheralDelegateProxy.swift in Sources */ = {isa = PBXBuildFile; fileRef = C687E3A71B8B4A2800B702D8 /* BKCBPeripheralDelegateProxy.swift */; };
		C64CDDFF1BE4C56C00F72549 /* BKCentral.swift in Sources */ = {isa = PBXBuildFile; fileRef = C687E3A81B8B4A2800B702D8 /* BKCentral.swift */; };
		C64CDE001BE4C56C00F72549 /* BKCentralStateMachine.swift in Sources */ = {isa = PBXBuildFile; fileRef = C687E3AB1B8B4A2800B702D8 /* BKCentralStateMachine.swift */; };
		C64CDE011BE4C56C00F72549 /* BKConfiguration.swift in Sources */ = {isa = PBXBuildFile; fileRef = C66888AE1B984792003C8DBB /* BKConfiguration.swift */; };
		C64CDE021BE4C56C00F72549 /* BKConnectionAttempt.swift in Sources */ = {isa = PBXBuildFile; fileRef = C67A22351B8C49CC00CB74CE /* BKConnectionAttempt.swift */; };
		C64CDE031BE4C56C00F72549 /* BKConnectionPool.swift in Sources */ = {isa = PBXBuildFile; fileRef = C687E3AD1B8B4A2800B702D8 /* BKConnectionPool.swift */; };
		C64CDE041BE4C56C00F72549 /* BKContinuousScanner.swift in Sources */ = {isa = PBXBuildFile; fileRef = C6BFB2931B959C8800AB5CAE /* BKContinuousScanner.swift */; };
		C64CDE051BE4C56C00F72549 /* BKDiscoveriesChange.swift in Sources */ = {isa = PBXBuildFile; fileRef = C6BFB2911B95885D00AB5CAE /* BKDiscoveriesChange.swift */; };
		C64CDE061BE4C56C00F72549 /* BKDiscovery.swift in Sources */ = {isa = PBXBuildFile; fileRef = C66888AC1B978181003C8DBB /* BKDiscovery.swift */; };
		C64CDE0B1BE4C56C00F72549 /* BKRemotePeripheral.swift in Sources */ = {isa = PBXBuildFile; fileRef = C687E3AC1B8B4A2800B702D8 /* BKRemotePeripheral.swift */; };
		C64CDE0C1BE4C56C00F72549 /* BKScanner.swift in Sources */ = {isa = PBXBuildFile; fileRef = C687E3AE1B8B4A2800B702D8 /* BKScanner.swift */; };
		C64CDE0E1BE4C57400F72549 /* BluetoothKit.h in Headers */ = {isa = PBXBuildFile; fileRef = C687E3C31B8B4CF100B702D8 /* BluetoothKit.h */; settings = {ATTRIBUTES = (Public, ); }; };
		C66888AD1B978181003C8DBB /* BKDiscovery.swift in Sources */ = {isa = PBXBuildFile; fileRef = C66888AC1B978181003C8DBB /* BKDiscovery.swift */; };
		C66888AF1B984792003C8DBB /* BKConfiguration.swift in Sources */ = {isa = PBXBuildFile; fileRef = C66888AE1B984792003C8DBB /* BKConfiguration.swift */; };
		C66888B11B984AB7003C8DBB /* BKPeripheralConfiguration.swift in Sources */ = {isa = PBXBuildFile; fileRef = C66888B01B984AB7003C8DBB /* BKPeripheralConfiguration.swift */; };
		C67A22361B8C49CC00CB74CE /* BKConnectionAttempt.swift in Sources */ = {isa = PBXBuildFile; fileRef = C67A22351B8C49CC00CB74CE /* BKConnectionAttempt.swift */; };
		C67A22711B8C7EF300CB74CE /* BKPeripheral.swift in Sources */ = {isa = PBXBuildFile; fileRef = C67A22701B8C7EF300CB74CE /* BKPeripheral.swift */; };
		C67A22731B8C80C300CB74CE /* BKAvailability.swift in Sources */ = {isa = PBXBuildFile; fileRef = C67A22721B8C80C300CB74CE /* BKAvailability.swift */; };
		C67A22751B8C83D900CB74CE /* BKPeripheralStateMachine.swift in Sources */ = {isa = PBXBuildFile; fileRef = C67A22741B8C83D900CB74CE /* BKPeripheralStateMachine.swift */; };
		C67A22781B8C86C800CB74CE /* BKCBPeripheralManagerDelegateProxy.swift in Sources */ = {isa = PBXBuildFile; fileRef = C67A22771B8C86C800CB74CE /* BKCBPeripheralManagerDelegateProxy.swift */; };
		C67A227A1B8CDC7D00CB74CE /* BKRemoteCentral.swift in Sources */ = {isa = PBXBuildFile; fileRef = C67A22791B8CDC7D00CB74CE /* BKRemoteCentral.swift */; };
		C67A227C1B8CECB400CB74CE /* BKSendDataTask.swift in Sources */ = {isa = PBXBuildFile; fileRef = C67A227B1B8CECB400CB74CE /* BKSendDataTask.swift */; };
		C687E3B21B8B4A2800B702D8 /* BKCBCentralManagerDelegateProxy.swift in Sources */ = {isa = PBXBuildFile; fileRef = C687E3A61B8B4A2800B702D8 /* BKCBCentralManagerDelegateProxy.swift */; };
		C687E3B31B8B4A2800B702D8 /* BKCBPeripheralDelegateProxy.swift in Sources */ = {isa = PBXBuildFile; fileRef = C687E3A71B8B4A2800B702D8 /* BKCBPeripheralDelegateProxy.swift */; };
		C687E3B41B8B4A2800B702D8 /* BKCentral.swift in Sources */ = {isa = PBXBuildFile; fileRef = C687E3A81B8B4A2800B702D8 /* BKCentral.swift */; };
		C687E3B71B8B4A2800B702D8 /* BKCentralStateMachine.swift in Sources */ = {isa = PBXBuildFile; fileRef = C687E3AB1B8B4A2800B702D8 /* BKCentralStateMachine.swift */; };
		C687E3B81B8B4A2800B702D8 /* BKRemotePeripheral.swift in Sources */ = {isa = PBXBuildFile; fileRef = C687E3AC1B8B4A2800B702D8 /* BKRemotePeripheral.swift */; };
		C687E3B91B8B4A2800B702D8 /* BKConnectionPool.swift in Sources */ = {isa = PBXBuildFile; fileRef = C687E3AD1B8B4A2800B702D8 /* BKConnectionPool.swift */; };
		C687E3BA1B8B4A2800B702D8 /* BKScanner.swift in Sources */ = {isa = PBXBuildFile; fileRef = C687E3AE1B8B4A2800B702D8 /* BKScanner.swift */; };
		C687E3C41B8B4CF100B702D8 /* BluetoothKit.h in Headers */ = {isa = PBXBuildFile; fileRef = C687E3C31B8B4CF100B702D8 /* BluetoothKit.h */; settings = {ATTRIBUTES = (Public, ); }; };
		C69770021CEBA21B004955E0 /* BKSendDataTask.swift in Sources */ = {isa = PBXBuildFile; fileRef = C67A227B1B8CECB400CB74CE /* BKSendDataTask.swift */; };
		C6B2E3711CE52C7700D25393 /* BKErrorDomain.swift in Sources */ = {isa = PBXBuildFile; fileRef = C6B2E3701CE52C7700D25393 /* BKErrorDomain.swift */; };
		C6B2E3721CE52C7700D25393 /* BKErrorDomain.swift in Sources */ = {isa = PBXBuildFile; fileRef = C6B2E3701CE52C7700D25393 /* BKErrorDomain.swift */; };
		C6B2E3731CE52C7700D25393 /* BKErrorDomain.swift in Sources */ = {isa = PBXBuildFile; fileRef = C6B2E3701CE52C7700D25393 /* BKErrorDomain.swift */; };
		C6B2E3751CE52DD900D25393 /* BKRemotePeer.swift in Sources */ = {isa = PBXBuildFile; fileRef = C6B2E3741CE52DD900D25393 /* BKRemotePeer.swift */; };
		C6B2E3761CE52DD900D25393 /* BKRemotePeer.swift in Sources */ = {isa = PBXBuildFile; fileRef = C6B2E3741CE52DD900D25393 /* BKRemotePeer.swift */; };
		C6B2E3771CE52DD900D25393 /* BKRemotePeer.swift in Sources */ = {isa = PBXBuildFile; fileRef = C6B2E3741CE52DD900D25393 /* BKRemotePeer.swift */; };
		C6B2E3791CE538FF00D25393 /* BKPeer.swift in Sources */ = {isa = PBXBuildFile; fileRef = C6B2E3781CE538FF00D25393 /* BKPeer.swift */; };
		C6B2E37A1CE538FF00D25393 /* BKPeer.swift in Sources */ = {isa = PBXBuildFile; fileRef = C6B2E3781CE538FF00D25393 /* BKPeer.swift */; };
		C6B2E37B1CE538FF00D25393 /* BKPeer.swift in Sources */ = {isa = PBXBuildFile; fileRef = C6B2E3781CE538FF00D25393 /* BKPeer.swift */; };
		C6BFB2921B95885D00AB5CAE /* BKDiscoveriesChange.swift in Sources */ = {isa = PBXBuildFile; fileRef = C6BFB2911B95885D00AB5CAE /* BKDiscoveriesChange.swift */; };
		C6BFB2941B959C8800AB5CAE /* BKContinuousScanner.swift in Sources */ = {isa = PBXBuildFile; fileRef = C6BFB2931B959C8800AB5CAE /* BKContinuousScanner.swift */; };
		C6ED86C91BA955DB00C9B70B /* BKAvailability.swift in Sources */ = {isa = PBXBuildFile; fileRef = C67A22721B8C80C300CB74CE /* BKAvailability.swift */; };
		C6ED86CA1BA955DB00C9B70B /* BKCBCentralManagerDelegateProxy.swift in Sources */ = {isa = PBXBuildFile; fileRef = C687E3A61B8B4A2800B702D8 /* BKCBCentralManagerDelegateProxy.swift */; };
		C6ED86CB1BA955DB00C9B70B /* BKCBPeripheralDelegateProxy.swift in Sources */ = {isa = PBXBuildFile; fileRef = C687E3A71B8B4A2800B702D8 /* BKCBPeripheralDelegateProxy.swift */; };
		C6ED86CC1BA955DB00C9B70B /* BKCBPeripheralManagerDelegateProxy.swift in Sources */ = {isa = PBXBuildFile; fileRef = C67A22771B8C86C800CB74CE /* BKCBPeripheralManagerDelegateProxy.swift */; };
		C6ED86CD1BA955DB00C9B70B /* BKCentral.swift in Sources */ = {isa = PBXBuildFile; fileRef = C687E3A81B8B4A2800B702D8 /* BKCentral.swift */; };
		C6ED86CE1BA955DB00C9B70B /* BKCentralStateMachine.swift in Sources */ = {isa = PBXBuildFile; fileRef = C687E3AB1B8B4A2800B702D8 /* BKCentralStateMachine.swift */; };
		C6ED86CF1BA955DB00C9B70B /* BKConfiguration.swift in Sources */ = {isa = PBXBuildFile; fileRef = C66888AE1B984792003C8DBB /* BKConfiguration.swift */; };
		C6ED86D01BA955DB00C9B70B /* BKConnectionAttempt.swift in Sources */ = {isa = PBXBuildFile; fileRef = C67A22351B8C49CC00CB74CE /* BKConnectionAttempt.swift */; };
		C6ED86D11BA955DB00C9B70B /* BKConnectionPool.swift in Sources */ = {isa = PBXBuildFile; fileRef = C687E3AD1B8B4A2800B702D8 /* BKConnectionPool.swift */; };
		C6ED86D21BA955DB00C9B70B /* BKContinuousScanner.swift in Sources */ = {isa = PBXBuildFile; fileRef = C6BFB2931B959C8800AB5CAE /* BKContinuousScanner.swift */; };
		C6ED86D31BA955DB00C9B70B /* BKDiscoveriesChange.swift in Sources */ = {isa = PBXBuildFile; fileRef = C6BFB2911B95885D00AB5CAE /* BKDiscoveriesChange.swift */; };
		C6ED86D41BA955DB00C9B70B /* BKDiscovery.swift in Sources */ = {isa = PBXBuildFile; fileRef = C66888AC1B978181003C8DBB /* BKDiscovery.swift */; };
		C6ED86D51BA955DB00C9B70B /* BKPeripheral.swift in Sources */ = {isa = PBXBuildFile; fileRef = C67A22701B8C7EF300CB74CE /* BKPeripheral.swift */; };
		C6ED86D61BA955DB00C9B70B /* BKPeripheralConfiguration.swift in Sources */ = {isa = PBXBuildFile; fileRef = C66888B01B984AB7003C8DBB /* BKPeripheralConfiguration.swift */; };
		C6ED86D71BA955DB00C9B70B /* BKPeripheralStateMachine.swift in Sources */ = {isa = PBXBuildFile; fileRef = C67A22741B8C83D900CB74CE /* BKPeripheralStateMachine.swift */; };
		C6ED86D81BA955DB00C9B70B /* BKRemoteCentral.swift in Sources */ = {isa = PBXBuildFile; fileRef = C67A22791B8CDC7D00CB74CE /* BKRemoteCentral.swift */; };
		C6ED86D91BA955DB00C9B70B /* BKRemotePeripheral.swift in Sources */ = {isa = PBXBuildFile; fileRef = C687E3AC1B8B4A2800B702D8 /* BKRemotePeripheral.swift */; };
		C6ED86DA1BA955DB00C9B70B /* BKScanner.swift in Sources */ = {isa = PBXBuildFile; fileRef = C687E3AE1B8B4A2800B702D8 /* BKScanner.swift */; };
		C6ED86DB1BA955DB00C9B70B /* BKSendDataTask.swift in Sources */ = {isa = PBXBuildFile; fileRef = C67A227B1B8CECB400CB74CE /* BKSendDataTask.swift */; };
		C6ED86DC1BA9567A00C9B70B /* BluetoothKit.h in Headers */ = {isa = PBXBuildFile; fileRef = C687E3C31B8B4CF100B702D8 /* BluetoothKit.h */; settings = {ATTRIBUTES = (Public, ); }; };
/* End PBXBuildFile section */

/* Begin PBXFileReference section */
		C64CDDF31BE4C46A00F72549 /* BluetoothKit.framework */ = {isa = PBXFileReference; explicitFileType = wrapper.framework; includeInIndex = 0; path = BluetoothKit.framework; sourceTree = BUILT_PRODUCTS_DIR; };
		C66888AC1B978181003C8DBB /* BKDiscovery.swift */ = {isa = PBXFileReference; fileEncoding = 4; lastKnownFileType = sourcecode.swift; path = BKDiscovery.swift; sourceTree = "<group>"; };
		C66888AE1B984792003C8DBB /* BKConfiguration.swift */ = {isa = PBXFileReference; fileEncoding = 4; lastKnownFileType = sourcecode.swift; path = BKConfiguration.swift; sourceTree = "<group>"; };
		C66888B01B984AB7003C8DBB /* BKPeripheralConfiguration.swift */ = {isa = PBXFileReference; fileEncoding = 4; lastKnownFileType = sourcecode.swift; path = BKPeripheralConfiguration.swift; sourceTree = "<group>"; };
		C67A22351B8C49CC00CB74CE /* BKConnectionAttempt.swift */ = {isa = PBXFileReference; fileEncoding = 4; lastKnownFileType = sourcecode.swift; path = BKConnectionAttempt.swift; sourceTree = "<group>"; };
		C67A22701B8C7EF300CB74CE /* BKPeripheral.swift */ = {isa = PBXFileReference; fileEncoding = 4; lastKnownFileType = sourcecode.swift; path = BKPeripheral.swift; sourceTree = "<group>"; };
		C67A22721B8C80C300CB74CE /* BKAvailability.swift */ = {isa = PBXFileReference; fileEncoding = 4; lastKnownFileType = sourcecode.swift; path = BKAvailability.swift; sourceTree = "<group>"; };
		C67A22741B8C83D900CB74CE /* BKPeripheralStateMachine.swift */ = {isa = PBXFileReference; fileEncoding = 4; lastKnownFileType = sourcecode.swift; path = BKPeripheralStateMachine.swift; sourceTree = "<group>"; };
		C67A22771B8C86C800CB74CE /* BKCBPeripheralManagerDelegateProxy.swift */ = {isa = PBXFileReference; fileEncoding = 4; lastKnownFileType = sourcecode.swift; path = BKCBPeripheralManagerDelegateProxy.swift; sourceTree = "<group>"; };
		C67A22791B8CDC7D00CB74CE /* BKRemoteCentral.swift */ = {isa = PBXFileReference; fileEncoding = 4; lastKnownFileType = sourcecode.swift; path = BKRemoteCentral.swift; sourceTree = "<group>"; };
		C67A227B1B8CECB400CB74CE /* BKSendDataTask.swift */ = {isa = PBXFileReference; fileEncoding = 4; lastKnownFileType = sourcecode.swift; path = BKSendDataTask.swift; sourceTree = "<group>"; };
		C687E3981B8B496400B702D8 /* BluetoothKit.framework */ = {isa = PBXFileReference; explicitFileType = wrapper.framework; includeInIndex = 0; path = BluetoothKit.framework; sourceTree = BUILT_PRODUCTS_DIR; };
		C687E3A41B8B4A2800B702D8 /* Info.plist */ = {isa = PBXFileReference; fileEncoding = 4; lastKnownFileType = text.plist.xml; path = Info.plist; sourceTree = "<group>"; };
		C687E3A61B8B4A2800B702D8 /* BKCBCentralManagerDelegateProxy.swift */ = {isa = PBXFileReference; fileEncoding = 4; lastKnownFileType = sourcecode.swift; path = BKCBCentralManagerDelegateProxy.swift; sourceTree = "<group>"; };
		C687E3A71B8B4A2800B702D8 /* BKCBPeripheralDelegateProxy.swift */ = {isa = PBXFileReference; fileEncoding = 4; lastKnownFileType = sourcecode.swift; path = BKCBPeripheralDelegateProxy.swift; sourceTree = "<group>"; };
		C687E3A81B8B4A2800B702D8 /* BKCentral.swift */ = {isa = PBXFileReference; fileEncoding = 4; lastKnownFileType = sourcecode.swift; path = BKCentral.swift; sourceTree = "<group>"; };
		C687E3AB1B8B4A2800B702D8 /* BKCentralStateMachine.swift */ = {isa = PBXFileReference; fileEncoding = 4; lastKnownFileType = sourcecode.swift; path = BKCentralStateMachine.swift; sourceTree = "<group>"; };
		C687E3AC1B8B4A2800B702D8 /* BKRemotePeripheral.swift */ = {isa = PBXFileReference; fileEncoding = 4; lastKnownFileType = sourcecode.swift; path = BKRemotePeripheral.swift; sourceTree = "<group>"; };
		C687E3AD1B8B4A2800B702D8 /* BKConnectionPool.swift */ = {isa = PBXFileReference; fileEncoding = 4; lastKnownFileType = sourcecode.swift; path = BKConnectionPool.swift; sourceTree = "<group>"; };
		C687E3AE1B8B4A2800B702D8 /* BKScanner.swift */ = {isa = PBXFileReference; fileEncoding = 4; lastKnownFileType = sourcecode.swift; path = BKScanner.swift; sourceTree = "<group>"; };
		C687E3C31B8B4CF100B702D8 /* BluetoothKit.h */ = {isa = PBXFileReference; fileEncoding = 4; lastKnownFileType = sourcecode.c.h; path = BluetoothKit.h; sourceTree = "<group>"; };
		C6B2E3701CE52C7700D25393 /* BKErrorDomain.swift */ = {isa = PBXFileReference; fileEncoding = 4; lastKnownFileType = sourcecode.swift; path = BKErrorDomain.swift; sourceTree = "<group>"; };
		C6B2E3741CE52DD900D25393 /* BKRemotePeer.swift */ = {isa = PBXFileReference; fileEncoding = 4; lastKnownFileType = sourcecode.swift; path = BKRemotePeer.swift; sourceTree = "<group>"; };
		C6B2E3781CE538FF00D25393 /* BKPeer.swift */ = {isa = PBXFileReference; fileEncoding = 4; lastKnownFileType = sourcecode.swift; path = BKPeer.swift; sourceTree = "<group>"; };
		C6BFB2911B95885D00AB5CAE /* BKDiscoveriesChange.swift */ = {isa = PBXFileReference; fileEncoding = 4; lastKnownFileType = sourcecode.swift; path = BKDiscoveriesChange.swift; sourceTree = "<group>"; };
		C6BFB2931B959C8800AB5CAE /* BKContinuousScanner.swift */ = {isa = PBXFileReference; fileEncoding = 4; lastKnownFileType = sourcecode.swift; path = BKContinuousScanner.swift; sourceTree = "<group>"; };
		C6ED86C11BA955A600C9B70B /* BluetoothKit.framework */ = {isa = PBXFileReference; explicitFileType = wrapper.framework; includeInIndex = 0; path = BluetoothKit.framework; sourceTree = BUILT_PRODUCTS_DIR; };
/* End PBXFileReference section */

/* Begin PBXFrameworksBuildPhase section */
		C64CDDEF1BE4C46A00F72549 /* Frameworks */ = {
			isa = PBXFrameworksBuildPhase;
			buildActionMask = 2147483647;
			files = (
			);
			runOnlyForDeploymentPostprocessing = 0;
		};
		C687E3941B8B496400B702D8 /* Frameworks */ = {
			isa = PBXFrameworksBuildPhase;
			buildActionMask = 2147483647;
			files = (
			);
			runOnlyForDeploymentPostprocessing = 0;
		};
		C6ED86BD1BA955A600C9B70B /* Frameworks */ = {
			isa = PBXFrameworksBuildPhase;
			buildActionMask = 2147483647;
			files = (
			);
			runOnlyForDeploymentPostprocessing = 0;
		};
/* End PBXFrameworksBuildPhase section */

/* Begin PBXGroup section */
		C687E38E1B8B496400B702D8 = {
			isa = PBXGroup;
			children = (
				C687E3C21B8B4CF100B702D8 /* Umbrella */,
				C687E3A51B8B4A2800B702D8 /* Source */,
				C687E3A31B8B4A2800B702D8 /* Resources */,
				C687E3991B8B496400B702D8 /* Products */,
			);
			sourceTree = "<group>";
		};
		C687E3991B8B496400B702D8 /* Products */ = {
			isa = PBXGroup;
			children = (
				C687E3981B8B496400B702D8 /* BluetoothKit.framework */,
				C6ED86C11BA955A600C9B70B /* BluetoothKit.framework */,
				C64CDDF31BE4C46A00F72549 /* BluetoothKit.framework */,
			);
			name = Products;
			sourceTree = "<group>";
		};
		C687E3A31B8B4A2800B702D8 /* Resources */ = {
			isa = PBXGroup;
			children = (
				C687E3A41B8B4A2800B702D8 /* Info.plist */,
			);
			path = Resources;
			sourceTree = "<group>";
		};
		C687E3A51B8B4A2800B702D8 /* Source */ = {
			isa = PBXGroup;
			children = (
				C67A22721B8C80C300CB74CE /* BKAvailability.swift */,
				C687E3A61B8B4A2800B702D8 /* BKCBCentralManagerDelegateProxy.swift */,
				C687E3A71B8B4A2800B702D8 /* BKCBPeripheralDelegateProxy.swift */,
				C67A22771B8C86C800CB74CE /* BKCBPeripheralManagerDelegateProxy.swift */,
				C687E3A81B8B4A2800B702D8 /* BKCentral.swift */,
				C687E3AB1B8B4A2800B702D8 /* BKCentralStateMachine.swift */,
				C66888AE1B984792003C8DBB /* BKConfiguration.swift */,
				C67A22351B8C49CC00CB74CE /* BKConnectionAttempt.swift */,
				C687E3AD1B8B4A2800B702D8 /* BKConnectionPool.swift */,
				C6BFB2931B959C8800AB5CAE /* BKContinuousScanner.swift */,
				C6BFB2911B95885D00AB5CAE /* BKDiscoveriesChange.swift */,
				C66888AC1B978181003C8DBB /* BKDiscovery.swift */,
				C67A22701B8C7EF300CB74CE /* BKPeripheral.swift */,
				C6B2E3781CE538FF00D25393 /* BKPeer.swift */,
				C6B2E3741CE52DD900D25393 /* BKRemotePeer.swift */,
				C66888B01B984AB7003C8DBB /* BKPeripheralConfiguration.swift */,
				C67A22741B8C83D900CB74CE /* BKPeripheralStateMachine.swift */,
				C67A22791B8CDC7D00CB74CE /* BKRemoteCentral.swift */,
				C687E3AC1B8B4A2800B702D8 /* BKRemotePeripheral.swift */,
				C687E3AE1B8B4A2800B702D8 /* BKScanner.swift */,
				C67A227B1B8CECB400CB74CE /* BKSendDataTask.swift */,
				C6B2E3701CE52C7700D25393 /* BKErrorDomain.swift */,
			);
			path = Source;
			sourceTree = "<group>";
		};
		C687E3C21B8B4CF100B702D8 /* Umbrella */ = {
			isa = PBXGroup;
			children = (
				C687E3C31B8B4CF100B702D8 /* BluetoothKit.h */,
			);
			path = Umbrella;
			sourceTree = "<group>";
		};
/* End PBXGroup section */

/* Begin PBXHeadersBuildPhase section */
		C64CDDF01BE4C46A00F72549 /* Headers */ = {
			isa = PBXHeadersBuildPhase;
			buildActionMask = 2147483647;
			files = (
				C64CDE0E1BE4C57400F72549 /* BluetoothKit.h in Headers */,
			);
			runOnlyForDeploymentPostprocessing = 0;
		};
		C687E3951B8B496400B702D8 /* Headers */ = {
			isa = PBXHeadersBuildPhase;
			buildActionMask = 2147483647;
			files = (
				C687E3C41B8B4CF100B702D8 /* BluetoothKit.h in Headers */,
			);
			runOnlyForDeploymentPostprocessing = 0;
		};
		C6ED86BE1BA955A600C9B70B /* Headers */ = {
			isa = PBXHeadersBuildPhase;
			buildActionMask = 2147483647;
			files = (
				C6ED86DC1BA9567A00C9B70B /* BluetoothKit.h in Headers */,
			);
			runOnlyForDeploymentPostprocessing = 0;
		};
/* End PBXHeadersBuildPhase section */

/* Begin PBXNativeTarget section */
		C64CDDF21BE4C46A00F72549 /* BluetoothKit tvOS */ = {
			isa = PBXNativeTarget;
			buildConfigurationList = C64CDDFA1BE4C46A00F72549 /* Build configuration list for PBXNativeTarget "BluetoothKit tvOS" */;
			buildPhases = (
				C64CDDEE1BE4C46A00F72549 /* Sources */,
				C64CDDEF1BE4C46A00F72549 /* Frameworks */,
				C64CDDF01BE4C46A00F72549 /* Headers */,
				C64CDDF11BE4C46A00F72549 /* Resources */,
			);
			buildRules = (
			);
			dependencies = (
			);
			name = "BluetoothKit tvOS";
			productName = BluetoothKit;
			productReference = C64CDDF31BE4C46A00F72549 /* BluetoothKit.framework */;
			productType = "com.apple.product-type.framework";
		};
		C687E3971B8B496400B702D8 /* BluetoothKit iOS */ = {
			isa = PBXNativeTarget;
			buildConfigurationList = C687E3A01B8B496400B702D8 /* Build configuration list for PBXNativeTarget "BluetoothKit iOS" */;
			buildPhases = (
				C69063981CECA84C00EF67A3 /* SwiftLint Autocorrect */,
				C687E3931B8B496400B702D8 /* Sources */,
				C687E3941B8B496400B702D8 /* Frameworks */,
				C687E3951B8B496400B702D8 /* Headers */,
				C687E3961B8B496400B702D8 /* Resources */,
				C69063971CECA83B00EF67A3 /* SwiftLint */,
			);
			buildRules = (
			);
			dependencies = (
			);
			name = "BluetoothKit iOS";
			productName = BluetoothKit;
			productReference = C687E3981B8B496400B702D8 /* BluetoothKit.framework */;
			productType = "com.apple.product-type.framework";
		};
		C6ED86C01BA955A600C9B70B /* BluetoothKit OSX */ = {
			isa = PBXNativeTarget;
			buildConfigurationList = C6ED86C61BA955A600C9B70B /* Build configuration list for PBXNativeTarget "BluetoothKit OSX" */;
			buildPhases = (
				C6ED86BC1BA955A600C9B70B /* Sources */,
				C6ED86BD1BA955A600C9B70B /* Frameworks */,
				C6ED86BE1BA955A600C9B70B /* Headers */,
				C6ED86BF1BA955A600C9B70B /* Resources */,
			);
			buildRules = (
			);
			dependencies = (
			);
			name = "BluetoothKit OSX";
			productName = BluetoothKit;
			productReference = C6ED86C11BA955A600C9B70B /* BluetoothKit.framework */;
			productType = "com.apple.product-type.framework";
		};
/* End PBXNativeTarget section */

/* Begin PBXProject section */
		C687E38F1B8B496400B702D8 /* Project object */ = {
			isa = PBXProject;
			attributes = {
				LastSwiftMigration = 0710;
				LastSwiftUpdateCheck = 0710;
				LastUpgradeCheck = 0800;
				ORGANIZATIONNAME = "Rasmus Taulborg Hummelmose";
				TargetAttributes = {
					C64CDDF21BE4C46A00F72549 = {
						CreatedOnToolsVersion = 7.1;
					};
					C687E3971B8B496400B702D8 = {
						CreatedOnToolsVersion = 7.0;
						LastSwiftMigration = 0800;
					};
					C6ED86C01BA955A600C9B70B = {
						CreatedOnToolsVersion = 7.1;
					};
				};
			};
			buildConfigurationList = C687E3921B8B496400B702D8 /* Build configuration list for PBXProject "BluetoothKit" */;
			compatibilityVersion = "Xcode 3.2";
			developmentRegion = English;
			hasScannedForEncodings = 0;
			knownRegions = (
				en,
			);
			mainGroup = C687E38E1B8B496400B702D8;
			productRefGroup = C687E3991B8B496400B702D8 /* Products */;
			projectDirPath = "";
			projectRoot = "";
			targets = (
				C687E3971B8B496400B702D8 /* BluetoothKit iOS */,
				C6ED86C01BA955A600C9B70B /* BluetoothKit OSX */,
				C64CDDF21BE4C46A00F72549 /* BluetoothKit tvOS */,
			);
		};
/* End PBXProject section */

/* Begin PBXResourcesBuildPhase section */
		C64CDDF11BE4C46A00F72549 /* Resources */ = {
			isa = PBXResourcesBuildPhase;
			buildActionMask = 2147483647;
			files = (
			);
			runOnlyForDeploymentPostprocessing = 0;
		};
		C687E3961B8B496400B702D8 /* Resources */ = {
			isa = PBXResourcesBuildPhase;
			buildActionMask = 2147483647;
			files = (
			);
			runOnlyForDeploymentPostprocessing = 0;
		};
		C6ED86BF1BA955A600C9B70B /* Resources */ = {
			isa = PBXResourcesBuildPhase;
			buildActionMask = 2147483647;
			files = (
			);
			runOnlyForDeploymentPostprocessing = 0;
		};
/* End PBXResourcesBuildPhase section */

/* Begin PBXShellScriptBuildPhase section */
		C69063971CECA83B00EF67A3 /* SwiftLint */ = {
			isa = PBXShellScriptBuildPhase;
			buildActionMask = 2147483647;
			files = (
			);
			inputPaths = (
			);
			name = SwiftLint;
			outputPaths = (
			);
			runOnlyForDeploymentPostprocessing = 0;
			shellPath = /bin/sh;
			shellScript = "if which swiftlint > /dev/null; then\nswiftlint\nelse\necho \"Download SwiftLint: https://github.com/realm/SwiftLint\"\nfi";
		};
		C69063981CECA84C00EF67A3 /* SwiftLint Autocorrect */ = {
			isa = PBXShellScriptBuildPhase;
			buildActionMask = 2147483647;
			files = (
			);
			inputPaths = (
			);
			name = "SwiftLint Autocorrect";
			outputPaths = (
			);
			runOnlyForDeploymentPostprocessing = 0;
			shellPath = /bin/sh;
			shellScript = "if which swiftlint > /dev/null; then\nswiftlint autocorrect\nelse\necho \"Download SwiftLint: https://github.com/realm/SwiftLint\"\nfi";
		};
/* End PBXShellScriptBuildPhase section */

/* Begin PBXSourcesBuildPhase section */
		C64CDDEE1BE4C46A00F72549 /* Sources */ = {
			isa = PBXSourcesBuildPhase;
			buildActionMask = 2147483647;
			files = (
				C69770021CEBA21B004955E0 /* BKSendDataTask.swift in Sources */,
				C64CDDFB1BE4C56C00F72549 /* BKAvailability.swift in Sources */,
				C64CDDFC1BE4C56C00F72549 /* BKCBCentralManagerDelegateProxy.swift in Sources */,
				C64CDDFD1BE4C56C00F72549 /* BKCBPeripheralDelegateProxy.swift in Sources */,
				C64CDDFF1BE4C56C00F72549 /* BKCentral.swift in Sources */,
				C64CDE001BE4C56C00F72549 /* BKCentralStateMachine.swift in Sources */,
				C6B2E3771CE52DD900D25393 /* BKRemotePeer.swift in Sources */,
				C64CDE011BE4C56C00F72549 /* BKConfiguration.swift in Sources */,
				C64CDE021BE4C56C00F72549 /* BKConnectionAttempt.swift in Sources */,
				C64CDE031BE4C56C00F72549 /* BKConnectionPool.swift in Sources */,
				C64CDE041BE4C56C00F72549 /* BKContinuousScanner.swift in Sources */,
				C6B2E37B1CE538FF00D25393 /* BKPeer.swift in Sources */,
				C64CDE051BE4C56C00F72549 /* BKDiscoveriesChange.swift in Sources */,
				C64CDE061BE4C56C00F72549 /* BKDiscovery.swift in Sources */,
				C6B2E3731CE52C7700D25393 /* BKErrorDomain.swift in Sources */,
				C64CDE0B1BE4C56C00F72549 /* BKRemotePeripheral.swift in Sources */,
				C64CDE0C1BE4C56C00F72549 /* BKScanner.swift in Sources */,
			);
			runOnlyForDeploymentPostprocessing = 0;
		};
		C687E3931B8B496400B702D8 /* Sources */ = {
			isa = PBXSourcesBuildPhase;
			buildActionMask = 2147483647;
			files = (
				C6B2E3791CE538FF00D25393 /* BKPeer.swift in Sources */,
				C67A22781B8C86C800CB74CE /* BKCBPeripheralManagerDelegateProxy.swift in Sources */,
				C6B2E3711CE52C7700D25393 /* BKErrorDomain.swift in Sources */,
				C67A22751B8C83D900CB74CE /* BKPeripheralStateMachine.swift in Sources */,
				C687E3B81B8B4A2800B702D8 /* BKRemotePeripheral.swift in Sources */,
				C67A22361B8C49CC00CB74CE /* BKConnectionAttempt.swift in Sources */,
				C6BFB2941B959C8800AB5CAE /* BKContinuousScanner.swift in Sources */,
				C66888AD1B978181003C8DBB /* BKDiscovery.swift in Sources */,
				C687E3B21B8B4A2800B702D8 /* BKCBCentralManagerDelegateProxy.swift in Sources */,
				C66888B11B984AB7003C8DBB /* BKPeripheralConfiguration.swift in Sources */,
				C6BFB2921B95885D00AB5CAE /* BKDiscoveriesChange.swift in Sources */,
				C67A22731B8C80C300CB74CE /* BKAvailability.swift in Sources */,
				C687E3B31B8B4A2800B702D8 /* BKCBPeripheralDelegateProxy.swift in Sources */,
				C67A227C1B8CECB400CB74CE /* BKSendDataTask.swift in Sources */,
				C687E3B41B8B4A2800B702D8 /* BKCentral.swift in Sources */,
				C67A227A1B8CDC7D00CB74CE /* BKRemoteCentral.swift in Sources */,
				C66888AF1B984792003C8DBB /* BKConfiguration.swift in Sources */,
				C67A22711B8C7EF300CB74CE /* BKPeripheral.swift in Sources */,
				C687E3B71B8B4A2800B702D8 /* BKCentralStateMachine.swift in Sources */,
				C687E3BA1B8B4A2800B702D8 /* BKScanner.swift in Sources */,
				C687E3B91B8B4A2800B702D8 /* BKConnectionPool.swift in Sources */,
				C6B2E3751CE52DD900D25393 /* BKRemotePeer.swift in Sources */,
			);
			runOnlyForDeploymentPostprocessing = 0;
		};
		C6ED86BC1BA955A600C9B70B /* Sources */ = {
			isa = PBXSourcesBuildPhase;
			buildActionMask = 2147483647;
			files = (
				C6B2E37A1CE538FF00D25393 /* BKPeer.swift in Sources */,
				C6ED86C91BA955DB00C9B70B /* BKAvailability.swift in Sources */,
				C6B2E3721CE52C7700D25393 /* BKErrorDomain.swift in Sources */,
				C6ED86CA1BA955DB00C9B70B /* BKCBCentralManagerDelegateProxy.swift in Sources */,
				C6ED86CB1BA955DB00C9B70B /* BKCBPeripheralDelegateProxy.swift in Sources */,
				C6ED86CC1BA955DB00C9B70B /* BKCBPeripheralManagerDelegateProxy.swift in Sources */,
				C6ED86CD1BA955DB00C9B70B /* BKCentral.swift in Sources */,
				C6ED86CE1BA955DB00C9B70B /* BKCentralStateMachine.swift in Sources */,
				C6ED86CF1BA955DB00C9B70B /* BKConfiguration.swift in Sources */,
				C6ED86D01BA955DB00C9B70B /* BKConnectionAttempt.swift in Sources */,
				C6ED86D11BA955DB00C9B70B /* BKConnectionPool.swift in Sources */,
				C6ED86D21BA955DB00C9B70B /* BKContinuousScanner.swift in Sources */,
				C6ED86D31BA955DB00C9B70B /* BKDiscoveriesChange.swift in Sources */,
				C6ED86D41BA955DB00C9B70B /* BKDiscovery.swift in Sources */,
				C6ED86D51BA955DB00C9B70B /* BKPeripheral.swift in Sources */,
				C6ED86D61BA955DB00C9B70B /* BKPeripheralConfiguration.swift in Sources */,
				C6ED86D71BA955DB00C9B70B /* BKPeripheralStateMachine.swift in Sources */,
				C6ED86D81BA955DB00C9B70B /* BKRemoteCentral.swift in Sources */,
				C6ED86D91BA955DB00C9B70B /* BKRemotePeripheral.swift in Sources */,
				C6ED86DA1BA955DB00C9B70B /* BKScanner.swift in Sources */,
				C6ED86DB1BA955DB00C9B70B /* BKSendDataTask.swift in Sources */,
				C6B2E3761CE52DD900D25393 /* BKRemotePeer.swift in Sources */,
			);
			runOnlyForDeploymentPostprocessing = 0;
		};
/* End PBXSourcesBuildPhase section */

/* Begin XCBuildConfiguration section */
		C64CDDF81BE4C46A00F72549 /* Debug */ = {
			isa = XCBuildConfiguration;
			buildSettings = {
				DEFINES_MODULE = YES;
				DYLIB_COMPATIBILITY_VERSION = 1;
				DYLIB_CURRENT_VERSION = 1;
				DYLIB_INSTALL_NAME_BASE = "@rpath";
				INSTALL_PATH = "$(LOCAL_LIBRARY_DIR)/Frameworks";
				LD_RUNPATH_SEARCH_PATHS = "$(inherited) @executable_path/Frameworks @loader_path/Frameworks";
				PRODUCT_BUNDLE_IDENTIFIER = com.rasmusth.BluetoothKit;
				SDKROOT = appletvos;
				SKIP_INSTALL = YES;
				TARGETED_DEVICE_FAMILY = 3;
				TVOS_DEPLOYMENT_TARGET = 9.0;
			};
			name = Debug;
		};
		C64CDDF91BE4C46A00F72549 /* Release */ = {
			isa = XCBuildConfiguration;
			buildSettings = {
				DEFINES_MODULE = YES;
				DYLIB_COMPATIBILITY_VERSION = 1;
				DYLIB_CURRENT_VERSION = 1;
				DYLIB_INSTALL_NAME_BASE = "@rpath";
				INSTALL_PATH = "$(LOCAL_LIBRARY_DIR)/Frameworks";
				LD_RUNPATH_SEARCH_PATHS = "$(inherited) @executable_path/Frameworks @loader_path/Frameworks";
				PRODUCT_BUNDLE_IDENTIFIER = com.rasmusth.BluetoothKit;
				SDKROOT = appletvos;
				SKIP_INSTALL = YES;
				SWIFT_OPTIMIZATION_LEVEL = "-Owholemodule";
				TARGETED_DEVICE_FAMILY = 3;
				TVOS_DEPLOYMENT_TARGET = 9.0;
			};
			name = Release;
		};
		C687E39E1B8B496400B702D8 /* Debug */ = {
			isa = XCBuildConfiguration;
			buildSettings = {
				ALWAYS_SEARCH_USER_PATHS = NO;
				CLANG_CXX_LANGUAGE_STANDARD = "gnu++0x";
				CLANG_CXX_LIBRARY = "libc++";
				CLANG_ENABLE_MODULES = YES;
				CLANG_ENABLE_OBJC_ARC = YES;
				CLANG_WARN_BOOL_CONVERSION = YES;
				CLANG_WARN_CONSTANT_CONVERSION = YES;
				CLANG_WARN_DIRECT_OBJC_ISA_USAGE = YES_ERROR;
				CLANG_WARN_EMPTY_BODY = YES;
				CLANG_WARN_ENUM_CONVERSION = YES;
				CLANG_WARN_INT_CONVERSION = YES;
				CLANG_WARN_OBJC_ROOT_CLASS = YES_ERROR;
				CLANG_WARN_UNREACHABLE_CODE = YES;
				CLANG_WARN__DUPLICATE_METHOD_MATCH = YES;
				"CODE_SIGN_IDENTITY[sdk=iphoneos*]" = "iPhone Developer";
				COPY_PHASE_STRIP = NO;
				CURRENT_PROJECT_VERSION = 1;
				DEBUG_INFORMATION_FORMAT = dwarf;
				ENABLE_STRICT_OBJC_MSGSEND = YES;
				ENABLE_TESTABILITY = YES;
				GCC_C_LANGUAGE_STANDARD = gnu99;
				GCC_DYNAMIC_NO_PIC = NO;
				GCC_NO_COMMON_BLOCKS = YES;
				GCC_OPTIMIZATION_LEVEL = 0;
				GCC_PREPROCESSOR_DEFINITIONS = (
					"DEBUG=1",
					"$(inherited)",
				);
				GCC_WARN_64_TO_32_BIT_CONVERSION = YES;
				GCC_WARN_ABOUT_RETURN_TYPE = YES_ERROR;
				GCC_WARN_UNDECLARED_SELECTOR = YES;
				GCC_WARN_UNINITIALIZED_AUTOS = YES_AGGRESSIVE;
				GCC_WARN_UNUSED_FUNCTION = YES;
				GCC_WARN_UNUSED_VARIABLE = YES;
				INFOPLIST_FILE = Resources/Info.plist;
				IPHONEOS_DEPLOYMENT_TARGET = 9.0;
				MTL_ENABLE_DEBUG_INFO = YES;
				ONLY_ACTIVE_ARCH = YES;
				PRODUCT_NAME = BluetoothKit;
				SDKROOT = iphoneos;
				SWIFT_OPTIMIZATION_LEVEL = "-Onone";
				TARGETED_DEVICE_FAMILY = "1,2";
				VERSIONING_SYSTEM = "apple-generic";
				VERSION_INFO_PREFIX = "";
			};
			name = Debug;
		};
		C687E39F1B8B496400B702D8 /* Release */ = {
			isa = XCBuildConfiguration;
			buildSettings = {
				ALWAYS_SEARCH_USER_PATHS = NO;
				CLANG_CXX_LANGUAGE_STANDARD = "gnu++0x";
				CLANG_CXX_LIBRARY = "libc++";
				CLANG_ENABLE_MODULES = YES;
				CLANG_ENABLE_OBJC_ARC = YES;
				CLANG_WARN_BOOL_CONVERSION = YES;
				CLANG_WARN_CONSTANT_CONVERSION = YES;
				CLANG_WARN_DIRECT_OBJC_ISA_USAGE = YES_ERROR;
				CLANG_WARN_EMPTY_BODY = YES;
				CLANG_WARN_ENUM_CONVERSION = YES;
				CLANG_WARN_INT_CONVERSION = YES;
				CLANG_WARN_OBJC_ROOT_CLASS = YES_ERROR;
				CLANG_WARN_UNREACHABLE_CODE = YES;
				CLANG_WARN__DUPLICATE_METHOD_MATCH = YES;
				"CODE_SIGN_IDENTITY[sdk=iphoneos*]" = "iPhone Developer";
				COPY_PHASE_STRIP = NO;
				CURRENT_PROJECT_VERSION = 1;
				DEBUG_INFORMATION_FORMAT = "dwarf-with-dsym";
				ENABLE_NS_ASSERTIONS = NO;
				ENABLE_STRICT_OBJC_MSGSEND = YES;
				GCC_C_LANGUAGE_STANDARD = gnu99;
				GCC_NO_COMMON_BLOCKS = YES;
				GCC_WARN_64_TO_32_BIT_CONVERSION = YES;
				GCC_WARN_ABOUT_RETURN_TYPE = YES_ERROR;
				GCC_WARN_UNDECLARED_SELECTOR = YES;
				GCC_WARN_UNINITIALIZED_AUTOS = YES_AGGRESSIVE;
				GCC_WARN_UNUSED_FUNCTION = YES;
				GCC_WARN_UNUSED_VARIABLE = YES;
				INFOPLIST_FILE = Resources/Info.plist;
				IPHONEOS_DEPLOYMENT_TARGET = 9.0;
				MTL_ENABLE_DEBUG_INFO = NO;
				PRODUCT_NAME = BluetoothKit;
				SDKROOT = iphoneos;
				TARGETED_DEVICE_FAMILY = "1,2";
				VALIDATE_PRODUCT = YES;
				VERSIONING_SYSTEM = "apple-generic";
				VERSION_INFO_PREFIX = "";
			};
			name = Release;
		};
		C687E3A11B8B496400B702D8 /* Debug */ = {
			isa = XCBuildConfiguration;
			buildSettings = {
				DEFINES_MODULE = YES;
				DYLIB_COMPATIBILITY_VERSION = 1;
				DYLIB_CURRENT_VERSION = 1;
				DYLIB_INSTALL_NAME_BASE = "@rpath";
				INSTALL_PATH = "$(LOCAL_LIBRARY_DIR)/Frameworks";
				IPHONEOS_DEPLOYMENT_TARGET = 8.0;
				LD_RUNPATH_SEARCH_PATHS = "$(inherited) @executable_path/Frameworks @loader_path/Frameworks";
				PRODUCT_BUNDLE_IDENTIFIER = com.rasmusth.BluetoothKit;
				SKIP_INSTALL = YES;
				SWIFT_VERSION = 3.0;
			};
			name = Debug;
		};
		C687E3A21B8B496400B702D8 /* Release */ = {
			isa = XCBuildConfiguration;
			buildSettings = {
				DEFINES_MODULE = YES;
				DYLIB_COMPATIBILITY_VERSION = 1;
				DYLIB_CURRENT_VERSION = 1;
				DYLIB_INSTALL_NAME_BASE = "@rpath";
				INSTALL_PATH = "$(LOCAL_LIBRARY_DIR)/Frameworks";
				IPHONEOS_DEPLOYMENT_TARGET = 8.0;
				LD_RUNPATH_SEARCH_PATHS = "$(inherited) @executable_path/Frameworks @loader_path/Frameworks";
				PRODUCT_BUNDLE_IDENTIFIER = com.rasmusth.BluetoothKit;
				SKIP_INSTALL = YES;
				SWIFT_OPTIMIZATION_LEVEL = "-Owholemodule";
				SWIFT_VERSION = 3.0;
			};
			name = Release;
		};
		C6ED86C71BA955A600C9B70B /* Debug */ = {
			isa = XCBuildConfiguration;
			buildSettings = {
				CODE_SIGN_IDENTITY = "-";
				COMBINE_HIDPI_IMAGES = YES;
				DEFINES_MODULE = YES;
				DYLIB_COMPATIBILITY_VERSION = 1;
				DYLIB_CURRENT_VERSION = 1;
				DYLIB_INSTALL_NAME_BASE = "@rpath";
				FRAMEWORK_VERSION = A;
				INSTALL_PATH = "$(LOCAL_LIBRARY_DIR)/Frameworks";
				LD_RUNPATH_SEARCH_PATHS = "$(inherited) @executable_path/../Frameworks @loader_path/Frameworks";
				MACOSX_DEPLOYMENT_TARGET = 10.10;
				PRODUCT_BUNDLE_IDENTIFIER = com.rasmusth.BluetoothKit;
				SDKROOT = macosx;
				SKIP_INSTALL = YES;
			};
			name = Debug;
		};
		C6ED86C81BA955A600C9B70B /* Release */ = {
			isa = XCBuildConfiguration;
			buildSettings = {
				CODE_SIGN_IDENTITY = "-";
				COMBINE_HIDPI_IMAGES = YES;
				DEFINES_MODULE = YES;
				DYLIB_COMPATIBILITY_VERSION = 1;
				DYLIB_CURRENT_VERSION = 1;
				DYLIB_INSTALL_NAME_BASE = "@rpath";
				FRAMEWORK_VERSION = A;
				INSTALL_PATH = "$(LOCAL_LIBRARY_DIR)/Frameworks";
				LD_RUNPATH_SEARCH_PATHS = "$(inherited) @executable_path/../Frameworks @loader_path/Frameworks";
				MACOSX_DEPLOYMENT_TARGET = 10.10;
				PRODUCT_BUNDLE_IDENTIFIER = com.rasmusth.BluetoothKit;
				SDKROOT = macosx;
				SKIP_INSTALL = YES;
				SWIFT_OPTIMIZATION_LEVEL = "-Owholemodule";
			};
			name = Release;
		};
/* End XCBuildConfiguration section */

/* Begin XCConfigurationList section */
		C64CDDFA1BE4C46A00F72549 /* Build configuration list for PBXNativeTarget "BluetoothKit tvOS" */ = {
			isa = XCConfigurationList;
			buildConfigurations = (
				C64CDDF81BE4C46A00F72549 /* Debug */,
				C64CDDF91BE4C46A00F72549 /* Release */,
			);
			defaultConfigurationIsVisible = 0;
			defaultConfigurationName = Release;
		};
		C687E3921B8B496400B702D8 /* Build configuration list for PBXProject "BluetoothKit" */ = {
			isa = XCConfigurationList;
			buildConfigurations = (
				C687E39E1B8B496400B702D8 /* Debug */,
				C687E39F1B8B496400B702D8 /* Release */,
			);
			defaultConfigurationIsVisible = 0;
			defaultConfigurationName = Release;
		};
		C687E3A01B8B496400B702D8 /* Build configuration list for PBXNativeTarget "BluetoothKit iOS" */ = {
			isa = XCConfigurationList;
			buildConfigurations = (
				C687E3A11B8B496400B702D8 /* Debug */,
				C687E3A21B8B496400B702D8 /* Release */,
			);
			defaultConfigurationIsVisible = 0;
			defaultConfigurationName = Release;
		};
		C6ED86C61BA955A600C9B70B /* Build configuration list for PBXNativeTarget "BluetoothKit OSX" */ = {
			isa = XCConfigurationList;
			buildConfigurations = (
				C6ED86C71BA955A600C9B70B /* Debug */,
				C6ED86C81BA955A600C9B70B /* Release */,
			);
			defaultConfigurationIsVisible = 0;
			defaultConfigurationName = Release;
		};
/* End XCConfigurationList section */
	};
	rootObject = C687E38F1B8B496400B702D8 /* Project object */;
}
