// !$*UTF8*$!
{
	archiveVersion = 1;
	classes = {
	};
	objectVersion = 46;
	objects = {

/* Begin PBXBuildFile section */
		2DB03F011D427F0900E735CE /* BluetoothKit.framework in Embed Frameworks */ = {isa = PBXBuildFile; fileRef = C669828C1CEB9FA100E23B57 /* BluetoothKit.framework */; settings = {ATTRIBUTES = (CodeSignOnCopy, RemoveHeadersOnCopy, ); }; };
		918E89671DBA036200174266 /* SnapKit.framework in Frameworks */ = {isa = PBXBuildFile; fileRef = 918E89641DBA007300174266 /* SnapKit.framework */; };
		918E89681DBA036200174266 /* SnapKit.framework in Embed Frameworks */ = {isa = PBXBuildFile; fileRef = 918E89641DBA007300174266 /* SnapKit.framework */; settings = {ATTRIBUTES = (CodeSignOnCopy, RemoveHeadersOnCopy, ); }; };
		918E896B1DBA036800174266 /* CryptoSwift.framework in Frameworks */ = {isa = PBXBuildFile; fileRef = 918E895B1DBA006700174266 /* CryptoSwift.framework */; };
		918E896C1DBA036800174266 /* CryptoSwift.framework in Embed Frameworks */ = {isa = PBXBuildFile; fileRef = 918E895B1DBA006700174266 /* CryptoSwift.framework */; settings = {ATTRIBUTES = (CodeSignOnCopy, RemoveHeadersOnCopy, ); }; };
		C668889C1B970123003C8DBB /* NSData+NumberOfBytes.swift in Sources */ = {isa = PBXBuildFile; fileRef = C668888D1B970123003C8DBB /* NSData+NumberOfBytes.swift */; };
		C668889D1B970123003C8DBB /* UIImage+Color.swift in Sources */ = {isa = PBXBuildFile; fileRef = C668888E1B970123003C8DBB /* UIImage+Color.swift */; };
		C668889E1B970123003C8DBB /* AppDelegate.swift in Sources */ = {isa = PBXBuildFile; fileRef = C66888901B970123003C8DBB /* AppDelegate.swift */; };
		C668889F1B970123003C8DBB /* Colors.swift in Sources */ = {isa = PBXBuildFile; fileRef = C66888911B970123003C8DBB /* Colors.swift */; };
		C66888A01B970123003C8DBB /* Logger.swift in Sources */ = {isa = PBXBuildFile; fileRef = C66888921B970123003C8DBB /* Logger.swift */; };
		C66888A11B970123003C8DBB /* AvailabilityViewController.swift in Sources */ = {isa = PBXBuildFile; fileRef = C66888941B970123003C8DBB /* AvailabilityViewController.swift */; };
		C66888A21B970123003C8DBB /* CentralViewController.swift in Sources */ = {isa = PBXBuildFile; fileRef = C66888961B970123003C8DBB /* CentralViewController.swift */; };
		C66888A31B970123003C8DBB /* PeripheralViewController.swift in Sources */ = {isa = PBXBuildFile; fileRef = C66888971B970123003C8DBB /* PeripheralViewController.swift */; };
		C66888A41B970123003C8DBB /* RemotePeripheralViewController.swift in Sources */ = {isa = PBXBuildFile; fileRef = C66888981B970123003C8DBB /* RemotePeripheralViewController.swift */; };
		C66888A51B970123003C8DBB /* RoleSelectionViewController.swift in Sources */ = {isa = PBXBuildFile; fileRef = C66888991B970123003C8DBB /* RoleSelectionViewController.swift */; };
		C66888A61B970123003C8DBB /* AvailabilityView.swift in Sources */ = {isa = PBXBuildFile; fileRef = C668889B1B970123003C8DBB /* AvailabilityView.swift */; };
		C66982AA1CEBA0C300E23B57 /* AppDelegate.swift in Sources */ = {isa = PBXBuildFile; fileRef = C66888901B970123003C8DBB /* AppDelegate.swift */; };
		C66982AB1CEBA0C300E23B57 /* Colors.swift in Sources */ = {isa = PBXBuildFile; fileRef = C66888911B970123003C8DBB /* Colors.swift */; };
		C66982AC1CEBA0C300E23B57 /* Logger.swift in Sources */ = {isa = PBXBuildFile; fileRef = C66888921B970123003C8DBB /* Logger.swift */; };
		C66982AD1CEBA0C300E23B57 /* CentralViewController.swift in Sources */ = {isa = PBXBuildFile; fileRef = C66888961B970123003C8DBB /* CentralViewController.swift */; };
		C66982AF1CEBA0C300E23B57 /* RemotePeripheralViewController.swift in Sources */ = {isa = PBXBuildFile; fileRef = C66888981B970123003C8DBB /* RemotePeripheralViewController.swift */; };
		C66982B01CEBA0C300E23B57 /* RoleSelectionViewController.swift in Sources */ = {isa = PBXBuildFile; fileRef = C66888991B970123003C8DBB /* RoleSelectionViewController.swift */; };
		C66982B11CEBA0C300E23B57 /* AvailabilityView.swift in Sources */ = {isa = PBXBuildFile; fileRef = C668889B1B970123003C8DBB /* AvailabilityView.swift */; };
		C66982B21CEBA0C300E23B57 /* AvailabilityViewController.swift in Sources */ = {isa = PBXBuildFile; fileRef = C66888941B970123003C8DBB /* AvailabilityViewController.swift */; };
		C66982B31CEBA0C300E23B57 /* NSData+NumberOfBytes.swift in Sources */ = {isa = PBXBuildFile; fileRef = C668888D1B970123003C8DBB /* NSData+NumberOfBytes.swift */; };
		C66982B41CEBA0C300E23B57 /* UIImage+Color.swift in Sources */ = {isa = PBXBuildFile; fileRef = C668888E1B970123003C8DBB /* UIImage+Color.swift */; };
		C66982B51CEBA0D600E23B57 /* BluetoothKit.framework in Frameworks */ = {isa = PBXBuildFile; fileRef = C669828C1CEB9FA100E23B57 /* BluetoothKit.framework */; settings = {ATTRIBUTES = (Required, ); }; };
		C66982B81CEBA0E600E23B57 /* Assets.xcassets in Resources */ = {isa = PBXBuildFile; fileRef = C67A22561B8C7D5B00CB74CE /* Assets.xcassets */; };
		C67653F51B8E2D3C00D43F8E /* BluetoothKit.framework in Frameworks */ = {isa = PBXBuildFile; fileRef = C67653F41B8E2D2B00D43F8E /* BluetoothKit.framework */; };
		C67653F61B8E2D3C00D43F8E /* BluetoothKit.framework in Embed Frameworks */ = {isa = PBXBuildFile; fileRef = C67653F41B8E2D2B00D43F8E /* BluetoothKit.framework */; settings = {ATTRIBUTES = (CodeSignOnCopy, RemoveHeadersOnCopy, ); }; };
		C67A225F1B8C7D5B00CB74CE /* Assets.xcassets in Resources */ = {isa = PBXBuildFile; fileRef = C67A22561B8C7D5B00CB74CE /* Assets.xcassets */; };
		C67A22601B8C7D5B00CB74CE /* LaunchScreen.storyboard in Resources */ = {isa = PBXBuildFile; fileRef = C67A22571B8C7D5B00CB74CE /* LaunchScreen.storyboard */; };
/* End PBXBuildFile section */

/* Begin PBXContainerItemProxy section */
		918E895A1DBA006700174266 /* PBXContainerItemProxy */ = {
			isa = PBXContainerItemProxy;
			containerPortal = 918E89551DBA006700174266 /* CryptoSwift.xcodeproj */;
			proxyType = 2;
			remoteGlobalIDString = 754BE45519693E190098E6F3;
			remoteInfo = CryptoSwift;
		};
		918E895C1DBA006700174266 /* PBXContainerItemProxy */ = {
			isa = PBXContainerItemProxy;
			containerPortal = 918E89551DBA006700174266 /* CryptoSwift.xcodeproj */;
			proxyType = 2;
			remoteGlobalIDString = 754BE46019693E190098E6F3;
			remoteInfo = Tests;
		};
		918E89631DBA007300174266 /* PBXContainerItemProxy */ = {
			isa = PBXContainerItemProxy;
			containerPortal = 918E895E1DBA007300174266 /* SnapKit.xcodeproj */;
			proxyType = 2;
			remoteGlobalIDString = EEBCC9D819CC627D0083B827;
			remoteInfo = SnapKit;
		};
		918E89651DBA007300174266 /* PBXContainerItemProxy */ = {
			isa = PBXContainerItemProxy;
			containerPortal = 918E895E1DBA007300174266 /* SnapKit.xcodeproj */;
			proxyType = 2;
			remoteGlobalIDString = EEBCC9E219CC627E0083B827;
			remoteInfo = "SnapKit Tests";
		};
		918E89691DBA036200174266 /* PBXContainerItemProxy */ = {
			isa = PBXContainerItemProxy;
			containerPortal = 918E895E1DBA007300174266 /* SnapKit.xcodeproj */;
			proxyType = 1;
			remoteGlobalIDString = EEBCC9D719CC627D0083B827;
			remoteInfo = SnapKit;
		};
		918E896D1DBA036800174266 /* PBXContainerItemProxy */ = {
			isa = PBXContainerItemProxy;
			containerPortal = 918E89551DBA006700174266 /* CryptoSwift.xcodeproj */;
			proxyType = 1;
			remoteGlobalIDString = 754BE45419693E190098E6F3;
			remoteInfo = CryptoSwift;
		};
		C669828B1CEB9FA100E23B57 /* PBXContainerItemProxy */ = {
			isa = PBXContainerItemProxy;
			containerPortal = C67653EF1B8E2D2B00D43F8E /* BluetoothKit.xcodeproj */;
			proxyType = 2;
			remoteGlobalIDString = C64CDDF31BE4C46A00F72549;
			remoteInfo = "BluetoothKit tvOS";
		};
		C66982A81CEBA0A900E23B57 /* PBXContainerItemProxy */ = {
			isa = PBXContainerItemProxy;
			containerPortal = C67653EF1B8E2D2B00D43F8E /* BluetoothKit.xcodeproj */;
			proxyType = 1;
			remoteGlobalIDString = C64CDDF21BE4C46A00F72549;
			remoteInfo = "BluetoothKit tvOS";
		};
		C67653F31B8E2D2B00D43F8E /* PBXContainerItemProxy */ = {
			isa = PBXContainerItemProxy;
			containerPortal = C67653EF1B8E2D2B00D43F8E /* BluetoothKit.xcodeproj */;
			proxyType = 2;
			remoteGlobalIDString = C687E3981B8B496400B702D8;
			remoteInfo = BluetoothKit;
		};
		C67653F71B8E2D3C00D43F8E /* PBXContainerItemProxy */ = {
			isa = PBXContainerItemProxy;
			containerPortal = C67653EF1B8E2D2B00D43F8E /* BluetoothKit.xcodeproj */;
			proxyType = 1;
			remoteGlobalIDString = C687E3971B8B496400B702D8;
			remoteInfo = BluetoothKit;
		};
		C6E04DCE1BBDA5B50050C09A /* PBXContainerItemProxy */ = {
			isa = PBXContainerItemProxy;
			containerPortal = C67653EF1B8E2D2B00D43F8E /* BluetoothKit.xcodeproj */;
			proxyType = 2;
			remoteGlobalIDString = C6ED86C11BA955A600C9B70B;
			remoteInfo = "BluetoothKit OSX";
		};
/* End PBXContainerItemProxy section */

/* Begin PBXCopyFilesBuildPhase section */
		2DB03EF71D427E9F00E735CE /* Embed Frameworks */ = {
			isa = PBXCopyFilesBuildPhase;
			buildActionMask = 2147483647;
			dstPath = "";
			dstSubfolderSpec = 10;
			files = (
				2DB03F011D427F0900E735CE /* BluetoothKit.framework in Embed Frameworks */,
			);
			name = "Embed Frameworks";
			runOnlyForDeploymentPostprocessing = 0;
		};
		C67653F91B8E2D3C00D43F8E /* Embed Frameworks */ = {
			isa = PBXCopyFilesBuildPhase;
			buildActionMask = 2147483647;
			dstPath = "";
			dstSubfolderSpec = 10;
			files = (
				918E896C1DBA036800174266 /* CryptoSwift.framework in Embed Frameworks */,
				C67653F61B8E2D3C00D43F8E /* BluetoothKit.framework in Embed Frameworks */,
				918E89681DBA036200174266 /* SnapKit.framework in Embed Frameworks */,
			);
			name = "Embed Frameworks";
			runOnlyForDeploymentPostprocessing = 0;
		};
/* End PBXCopyFilesBuildPhase section */

/* Begin PBXFileReference section */
		918E89551DBA006700174266 /* CryptoSwift.xcodeproj */ = {isa = PBXFileReference; lastKnownFileType = "wrapper.pb-project"; name = CryptoSwift.xcodeproj; path = Vendor/CryptoSwift/CryptoSwift.xcodeproj; sourceTree = "<group>"; };
		918E895E1DBA007300174266 /* SnapKit.xcodeproj */ = {isa = PBXFileReference; lastKnownFileType = "wrapper.pb-project"; name = SnapKit.xcodeproj; path = Vendor/SnapKit/SnapKit.xcodeproj; sourceTree = "<group>"; };
		C668888D1B970123003C8DBB /* NSData+NumberOfBytes.swift */ = {isa = PBXFileReference; fileEncoding = 4; lastKnownFileType = sourcecode.swift; path = "NSData+NumberOfBytes.swift"; sourceTree = "<group>"; };
		C668888E1B970123003C8DBB /* UIImage+Color.swift */ = {isa = PBXFileReference; fileEncoding = 4; lastKnownFileType = sourcecode.swift; path = "UIImage+Color.swift"; sourceTree = "<group>"; };
		C66888901B970123003C8DBB /* AppDelegate.swift */ = {isa = PBXFileReference; fileEncoding = 4; lastKnownFileType = sourcecode.swift; path = AppDelegate.swift; sourceTree = "<group>"; };
		C66888911B970123003C8DBB /* Colors.swift */ = {isa = PBXFileReference; fileEncoding = 4; lastKnownFileType = sourcecode.swift; path = Colors.swift; sourceTree = "<group>"; };
		C66888921B970123003C8DBB /* Logger.swift */ = {isa = PBXFileReference; fileEncoding = 4; lastKnownFileType = sourcecode.swift; path = Logger.swift; sourceTree = "<group>"; };
		C66888941B970123003C8DBB /* AvailabilityViewController.swift */ = {isa = PBXFileReference; fileEncoding = 4; lastKnownFileType = sourcecode.swift; path = AvailabilityViewController.swift; sourceTree = "<group>"; };
		C66888961B970123003C8DBB /* CentralViewController.swift */ = {isa = PBXFileReference; fileEncoding = 4; lastKnownFileType = sourcecode.swift; path = CentralViewController.swift; sourceTree = "<group>"; };
		C66888971B970123003C8DBB /* PeripheralViewController.swift */ = {isa = PBXFileReference; fileEncoding = 4; lastKnownFileType = sourcecode.swift; path = PeripheralViewController.swift; sourceTree = "<group>"; };
		C66888981B970123003C8DBB /* RemotePeripheralViewController.swift */ = {isa = PBXFileReference; fileEncoding = 4; lastKnownFileType = sourcecode.swift; path = RemotePeripheralViewController.swift; sourceTree = "<group>"; };
		C66888991B970123003C8DBB /* RoleSelectionViewController.swift */ = {isa = PBXFileReference; fileEncoding = 4; lastKnownFileType = sourcecode.swift; path = RoleSelectionViewController.swift; sourceTree = "<group>"; };
		C668889B1B970123003C8DBB /* AvailabilityView.swift */ = {isa = PBXFileReference; fileEncoding = 4; lastKnownFileType = sourcecode.swift; path = AvailabilityView.swift; sourceTree = "<group>"; };
		C669827B1CEB9FA100E23B57 /* BKExample.app */ = {isa = PBXFileReference; explicitFileType = wrapper.application; includeInIndex = 0; path = BKExample.app; sourceTree = BUILT_PRODUCTS_DIR; };
		C67653EF1B8E2D2B00D43F8E /* BluetoothKit.xcodeproj */ = {isa = PBXFileReference; lastKnownFileType = "wrapper.pb-project"; name = BluetoothKit.xcodeproj; path = ../BluetoothKit.xcodeproj; sourceTree = "<group>"; };
		C67A22401B8C7D1B00CB74CE /* BKExample.app */ = {isa = PBXFileReference; explicitFileType = wrapper.application; includeInIndex = 0; path = BKExample.app; sourceTree = BUILT_PRODUCTS_DIR; };
		C67A22561B8C7D5B00CB74CE /* Assets.xcassets */ = {isa = PBXFileReference; lastKnownFileType = folder.assetcatalog; path = Assets.xcassets; sourceTree = "<group>"; };
		C67A22581B8C7D5B00CB74CE /* Base */ = {isa = PBXFileReference; lastKnownFileType = file.storyboard; name = Base; path = Base.lproj/LaunchScreen.storyboard; sourceTree = "<group>"; };
		C67A225B1B8C7D5B00CB74CE /* Info.plist */ = {isa = PBXFileReference; fileEncoding = 4; lastKnownFileType = text.plist.xml; path = Info.plist; sourceTree = "<group>"; };
/* End PBXFileReference section */

/* Begin PBXFrameworksBuildPhase section */
		C66982781CEB9FA100E23B57 /* Frameworks */ = {
			isa = PBXFrameworksBuildPhase;
			buildActionMask = 2147483647;
			files = (
				C66982B51CEBA0D600E23B57 /* BluetoothKit.framework in Frameworks */,
			);
			runOnlyForDeploymentPostprocessing = 0;
		};
		C67A223D1B8C7D1B00CB74CE /* Frameworks */ = {
			isa = PBXFrameworksBuildPhase;
			buildActionMask = 2147483647;
			files = (
				918E896B1DBA036800174266 /* CryptoSwift.framework in Frameworks */,
				C67653F51B8E2D3C00D43F8E /* BluetoothKit.framework in Frameworks */,
				918E89671DBA036200174266 /* SnapKit.framework in Frameworks */,
			);
			runOnlyForDeploymentPostprocessing = 0;
		};
/* End PBXFrameworksBuildPhase section */

/* Begin PBXGroup section */
		918E89561DBA006700174266 /* Products */ = {
			isa = PBXGroup;
			children = (
				918E895B1DBA006700174266 /* CryptoSwift.framework */,
				918E895D1DBA006700174266 /* Tests.xctest */,
			);
			name = Products;
			sourceTree = "<group>";
		};
		918E895F1DBA007300174266 /* Products */ = {
			isa = PBXGroup;
			children = (
				918E89641DBA007300174266 /* SnapKit.framework */,
				918E89661DBA007300174266 /* SnapKit Tests.xctest */,
			);
			name = Products;
			sourceTree = "<group>";
		};
		C668888B1B970123003C8DBB /* Source */ = {
			isa = PBXGroup;
			children = (
				C668888F1B970123003C8DBB /* Global */,
				C66888951B970123003C8DBB /* View Controllers */,
				C668889A1B970123003C8DBB /* Views */,
				C66888931B970123003C8DBB /* Protocols */,
				C668888C1B970123003C8DBB /* Extensions */,
			);
			path = Source;
			sourceTree = "<group>";
		};
		C668888C1B970123003C8DBB /* Extensions */ = {
			isa = PBXGroup;
			children = (
				C668888D1B970123003C8DBB /* NSData+NumberOfBytes.swift */,
				C668888E1B970123003C8DBB /* UIImage+Color.swift */,
			);
			path = Extensions;
			sourceTree = "<group>";
		};
		C668888F1B970123003C8DBB /* Global */ = {
			isa = PBXGroup;
			children = (
				C66888901B970123003C8DBB /* AppDelegate.swift */,
				C66888911B970123003C8DBB /* Colors.swift */,
				C66888921B970123003C8DBB /* Logger.swift */,
			);
			path = Global;
			sourceTree = "<group>";
		};
		C66888931B970123003C8DBB /* Protocols */ = {
			isa = PBXGroup;
			children = (
				C66888941B970123003C8DBB /* AvailabilityViewController.swift */,
			);
			path = Protocols;
			sourceTree = "<group>";
		};
		C66888951B970123003C8DBB /* View Controllers */ = {
			isa = PBXGroup;
			children = (
				C66888961B970123003C8DBB /* CentralViewController.swift */,
				C66888971B970123003C8DBB /* PeripheralViewController.swift */,
				C66888981B970123003C8DBB /* RemotePeripheralViewController.swift */,
				C66888991B970123003C8DBB /* RoleSelectionViewController.swift */,
			);
			path = "View Controllers";
			sourceTree = "<group>";
		};
		C668889A1B970123003C8DBB /* Views */ = {
			isa = PBXGroup;
			children = (
				C668889B1B970123003C8DBB /* AvailabilityView.swift */,
			);
			path = Views;
			sourceTree = "<group>";
		};
		C67653F01B8E2D2B00D43F8E /* Products */ = {
			isa = PBXGroup;
			children = (
				C67653F41B8E2D2B00D43F8E /* BluetoothKit.framework */,
				C6E04DCF1BBDA5B50050C09A /* BluetoothKit.framework */,
				C669828C1CEB9FA100E23B57 /* BluetoothKit.framework */,
			);
			name = Products;
			sourceTree = "<group>";
		};
		C67A22371B8C7D1B00CB74CE = {
			isa = PBXGroup;
			children = (
				C668888B1B970123003C8DBB /* Source */,
				C67A22551B8C7D5B00CB74CE /* Resources */,
				C67A22411B8C7D1B00CB74CE /* Products */,
				C67A226F1B8C7DE300CB74CE /* Frameworks */,
			);
			sourceTree = "<group>";
		};
		C67A22411B8C7D1B00CB74CE /* Products */ = {
			isa = PBXGroup;
			children = (
				C67A22401B8C7D1B00CB74CE /* BKExample.app */,
				C669827B1CEB9FA100E23B57 /* BKExample.app */,
			);
			name = Products;
			sourceTree = "<group>";
		};
		C67A22551B8C7D5B00CB74CE /* Resources */ = {
			isa = PBXGroup;
			children = (
				C67A22561B8C7D5B00CB74CE /* Assets.xcassets */,
				C67A22571B8C7D5B00CB74CE /* LaunchScreen.storyboard */,
				C67A225B1B8C7D5B00CB74CE /* Info.plist */,
			);
			path = Resources;
			sourceTree = "<group>";
		};
		C67A226F1B8C7DE300CB74CE /* Frameworks */ = {
			isa = PBXGroup;
			children = (
				918E895E1DBA007300174266 /* SnapKit.xcodeproj */,
				918E89551DBA006700174266 /* CryptoSwift.xcodeproj */,
				C67653EF1B8E2D2B00D43F8E /* BluetoothKit.xcodeproj */,
			);
			name = Frameworks;
			sourceTree = "<group>";
		};
/* End PBXGroup section */

/* Begin PBXNativeTarget section */
		C669827A1CEB9FA100E23B57 /* BKExample (tvOS) */ = {
			isa = PBXNativeTarget;
			buildConfigurationList = C66982A31CEB9FA100E23B57 /* Build configuration list for PBXNativeTarget "BKExample (tvOS)" */;
			buildPhases = (
				C66982771CEB9FA100E23B57 /* Sources */,
				C66982781CEB9FA100E23B57 /* Frameworks */,
				C66982791CEB9FA100E23B57 /* Resources */,
				2DB03EF71D427E9F00E735CE /* Embed Frameworks */,
			);
			buildRules = (
			);
			dependencies = (
				C66982A91CEBA0A900E23B57 /* PBXTargetDependency */,
			);
			name = "BKExample (tvOS)";
			productName = "BKExample (tvOS)";
			productReference = C669827B1CEB9FA100E23B57 /* BKExample.app */;
			productType = "com.apple.product-type.application";
		};
		C67A223F1B8C7D1B00CB74CE /* BKExample (iOS) */ = {
			isa = PBXNativeTarget;
			buildConfigurationList = C67A22521B8C7D1B00CB74CE /* Build configuration list for PBXNativeTarget "BKExample (iOS)" */;
			buildPhases = (
				C69063961CECA4FA00EF67A3 /* SwiftLint Autocorrect */,
				C67A223C1B8C7D1B00CB74CE /* Sources */,
				C67A223D1B8C7D1B00CB74CE /* Frameworks */,
				C67A223E1B8C7D1B00CB74CE /* Resources */,
				C67653F91B8E2D3C00D43F8E /* Embed Frameworks */,
				C690638C1CECA1FD00EF67A3 /* SwiftLint */,
			);
			buildRules = (
			);
			dependencies = (
				C67653F81B8E2D3C00D43F8E /* PBXTargetDependency */,
				918E896A1DBA036200174266 /* PBXTargetDependency */,
				918E896E1DBA036800174266 /* PBXTargetDependency */,
			);
			name = "BKExample (iOS)";
			productName = BluetoothKitExample;
			productReference = C67A22401B8C7D1B00CB74CE /* BKExample.app */;
			productType = "com.apple.product-type.application";
		};
/* End PBXNativeTarget section */

/* Begin PBXProject section */
		C67A22381B8C7D1B00CB74CE /* Project object */ = {
			isa = PBXProject;
			attributes = {
				LastSwiftMigration = 0710;
				LastSwiftUpdateCheck = 0730;
				LastUpgradeCheck = 0800;
				ORGANIZATIONNAME = "Rasmus Taulborg Hummelmose";
				TargetAttributes = {
					C669827A1CEB9FA100E23B57 = {
						CreatedOnToolsVersion = 7.3;
						DevelopmentTeam = AP8VQJ559X;
					};
					C67A223F1B8C7D1B00CB74CE = {
						CreatedOnToolsVersion = 7.0;
						DevelopmentTeam = AP8VQJ559X;
						LastSwiftMigration = 0800;
					};
				};
			};
			buildConfigurationList = C67A223B1B8C7D1B00CB74CE /* Build configuration list for PBXProject "BKExample" */;
			compatibilityVersion = "Xcode 3.2";
			developmentRegion = English;
			hasScannedForEncodings = 0;
			knownRegions = (
				en,
				Base,
			);
			mainGroup = C67A22371B8C7D1B00CB74CE;
			productRefGroup = C67A22411B8C7D1B00CB74CE /* Products */;
			projectDirPath = "";
			projectReferences = (
				{
					ProductGroup = C67653F01B8E2D2B00D43F8E /* Products */;
					ProjectRef = C67653EF1B8E2D2B00D43F8E /* BluetoothKit.xcodeproj */;
				},
				{
					ProductGroup = 918E89561DBA006700174266 /* Products */;
					ProjectRef = 918E89551DBA006700174266 /* CryptoSwift.xcodeproj */;
				},
				{
					ProductGroup = 918E895F1DBA007300174266 /* Products */;
					ProjectRef = 918E895E1DBA007300174266 /* SnapKit.xcodeproj */;
				},
			);
			projectRoot = "";
			targets = (
				C67A223F1B8C7D1B00CB74CE /* BKExample (iOS) */,
				C669827A1CEB9FA100E23B57 /* BKExample (tvOS) */,
			);
		};
/* End PBXProject section */

/* Begin PBXReferenceProxy section */
		918E895B1DBA006700174266 /* CryptoSwift.framework */ = {
			isa = PBXReferenceProxy;
			fileType = wrapper.framework;
			path = CryptoSwift.framework;
			remoteRef = 918E895A1DBA006700174266 /* PBXContainerItemProxy */;
			sourceTree = BUILT_PRODUCTS_DIR;
		};
		918E895D1DBA006700174266 /* Tests.xctest */ = {
			isa = PBXReferenceProxy;
			fileType = wrapper.cfbundle;
			path = Tests.xctest;
			remoteRef = 918E895C1DBA006700174266 /* PBXContainerItemProxy */;
			sourceTree = BUILT_PRODUCTS_DIR;
		};
		918E89641DBA007300174266 /* SnapKit.framework */ = {
			isa = PBXReferenceProxy;
			fileType = wrapper.framework;
			path = SnapKit.framework;
			remoteRef = 918E89631DBA007300174266 /* PBXContainerItemProxy */;
			sourceTree = BUILT_PRODUCTS_DIR;
		};
		918E89661DBA007300174266 /* SnapKit Tests.xctest */ = {
			isa = PBXReferenceProxy;
			fileType = wrapper.cfbundle;
			path = "SnapKit Tests.xctest";
			remoteRef = 918E89651DBA007300174266 /* PBXContainerItemProxy */;
			sourceTree = BUILT_PRODUCTS_DIR;
		};
		C669828C1CEB9FA100E23B57 /* BluetoothKit.framework */ = {
			isa = PBXReferenceProxy;
			fileType = wrapper.framework;
			path = BluetoothKit.framework;
			remoteRef = C669828B1CEB9FA100E23B57 /* PBXContainerItemProxy */;
			sourceTree = BUILT_PRODUCTS_DIR;
		};
		C67653F41B8E2D2B00D43F8E /* BluetoothKit.framework */ = {
			isa = PBXReferenceProxy;
			fileType = wrapper.framework;
			path = BluetoothKit.framework;
			remoteRef = C67653F31B8E2D2B00D43F8E /* PBXContainerItemProxy */;
			sourceTree = BUILT_PRODUCTS_DIR;
		};
		C6E04DCF1BBDA5B50050C09A /* BluetoothKit.framework */ = {
			isa = PBXReferenceProxy;
			fileType = wrapper.framework;
			path = BluetoothKit.framework;
			remoteRef = C6E04DCE1BBDA5B50050C09A /* PBXContainerItemProxy */;
			sourceTree = BUILT_PRODUCTS_DIR;
		};
/* End PBXReferenceProxy section */

/* Begin PBXResourcesBuildPhase section */
		C66982791CEB9FA100E23B57 /* Resources */ = {
			isa = PBXResourcesBuildPhase;
			buildActionMask = 2147483647;
			files = (
				C66982B81CEBA0E600E23B57 /* Assets.xcassets in Resources */,
			);
			runOnlyForDeploymentPostprocessing = 0;
		};
		C67A223E1B8C7D1B00CB74CE /* Resources */ = {
			isa = PBXResourcesBuildPhase;
			buildActionMask = 2147483647;
			files = (
				C67A225F1B8C7D5B00CB74CE /* Assets.xcassets in Resources */,
				C67A22601B8C7D5B00CB74CE /* LaunchScreen.storyboard in Resources */,
			);
			runOnlyForDeploymentPostprocessing = 0;
		};
/* End PBXResourcesBuildPhase section */

/* Begin PBXShellScriptBuildPhase section */
		C690638C1CECA1FD00EF67A3 /* SwiftLint */ = {
			isa = PBXShellScriptBuildPhase;
			buildActionMask = 2147483647;
			files = (
			);
			inputPaths = (
			);
			name = SwiftLint;
			outputPaths = (
			);
			runOnlyForDeploymentPostprocessing = 0;
			shellPath = /bin/sh;
			shellScript = "if which swiftlint > /dev/null; then\nswiftlint\nelse\necho \"Download SwiftLint: https://github.com/realm/SwiftLint\"\nfi";
		};
		C69063961CECA4FA00EF67A3 /* SwiftLint Autocorrect */ = {
			isa = PBXShellScriptBuildPhase;
			buildActionMask = 2147483647;
			files = (
			);
			inputPaths = (
			);
			name = "SwiftLint Autocorrect";
			outputPaths = (
			);
			runOnlyForDeploymentPostprocessing = 0;
			shellPath = /bin/sh;
			shellScript = "if which swiftlint > /dev/null; then\nswiftlint autocorrect\nelse\necho \"Download SwiftLint: https://github.com/realm/SwiftLint\"\nfi";
		};
/* End PBXShellScriptBuildPhase section */

/* Begin PBXSourcesBuildPhase section */
		C66982771CEB9FA100E23B57 /* Sources */ = {
			isa = PBXSourcesBuildPhase;
			buildActionMask = 2147483647;
			files = (
				C66982AA1CEBA0C300E23B57 /* AppDelegate.swift in Sources */,
				C66982AB1CEBA0C300E23B57 /* Colors.swift in Sources */,
				C66982AC1CEBA0C300E23B57 /* Logger.swift in Sources */,
				C66982AD1CEBA0C300E23B57 /* CentralViewController.swift in Sources */,
				C66982AF1CEBA0C300E23B57 /* RemotePeripheralViewController.swift in Sources */,
				C66982B01CEBA0C300E23B57 /* RoleSelectionViewController.swift in Sources */,
				C66982B11CEBA0C300E23B57 /* AvailabilityView.swift in Sources */,
				C66982B21CEBA0C300E23B57 /* AvailabilityViewController.swift in Sources */,
				C66982B31CEBA0C300E23B57 /* NSData+NumberOfBytes.swift in Sources */,
				C66982B41CEBA0C300E23B57 /* UIImage+Color.swift in Sources */,
			);
			runOnlyForDeploymentPostprocessing = 0;
		};
		C67A223C1B8C7D1B00CB74CE /* Sources */ = {
			isa = PBXSourcesBuildPhase;
			buildActionMask = 2147483647;
			files = (
				C66888A11B970123003C8DBB /* AvailabilityViewController.swift in Sources */,
				C66888A01B970123003C8DBB /* Logger.swift in Sources */,
				C66888A61B970123003C8DBB /* AvailabilityView.swift in Sources */,
				C668889E1B970123003C8DBB /* AppDelegate.swift in Sources */,
				C66888A21B970123003C8DBB /* CentralViewController.swift in Sources */,
				C66888A31B970123003C8DBB /* PeripheralViewController.swift in Sources */,
				C668889F1B970123003C8DBB /* Colors.swift in Sources */,
				C668889C1B970123003C8DBB /* NSData+NumberOfBytes.swift in Sources */,
				C668889D1B970123003C8DBB /* UIImage+Color.swift in Sources */,
				C66888A41B970123003C8DBB /* RemotePeripheralViewController.swift in Sources */,
				C66888A51B970123003C8DBB /* RoleSelectionViewController.swift in Sources */,
			);
			runOnlyForDeploymentPostprocessing = 0;
		};
/* End PBXSourcesBuildPhase section */

/* Begin PBXTargetDependency section */
		918E896A1DBA036200174266 /* PBXTargetDependency */ = {
			isa = PBXTargetDependency;
			name = SnapKit;
			targetProxy = 918E89691DBA036200174266 /* PBXContainerItemProxy */;
		};
		918E896E1DBA036800174266 /* PBXTargetDependency */ = {
			isa = PBXTargetDependency;
			name = CryptoSwift;
			targetProxy = 918E896D1DBA036800174266 /* PBXContainerItemProxy */;
		};
		C66982A91CEBA0A900E23B57 /* PBXTargetDependency */ = {
			isa = PBXTargetDependency;
			name = "BluetoothKit tvOS";
			targetProxy = C66982A81CEBA0A900E23B57 /* PBXContainerItemProxy */;
		};
		C67653F81B8E2D3C00D43F8E /* PBXTargetDependency */ = {
			isa = PBXTargetDependency;
			name = BluetoothKit;
			targetProxy = C67653F71B8E2D3C00D43F8E /* PBXContainerItemProxy */;
		};
/* End PBXTargetDependency section */

/* Begin PBXVariantGroup section */
		C67A22571B8C7D5B00CB74CE /* LaunchScreen.storyboard */ = {
			isa = PBXVariantGroup;
			children = (
				C67A22581B8C7D5B00CB74CE /* Base */,
			);
			name = LaunchScreen.storyboard;
			sourceTree = "<group>";
		};
/* End PBXVariantGroup section */

/* Begin XCBuildConfiguration section */
		C66982871CEB9FA100E23B57 /* Debug */ = {
			isa = XCBuildConfiguration;
			buildSettings = {
				ALWAYS_EMBED_SWIFT_STANDARD_LIBRARIES = YES;
				ASSETCATALOG_COMPILER_APPICON_NAME = "Brand Assets";
				ASSETCATALOG_COMPILER_LAUNCHIMAGE_NAME = "Brand Assets";
				CLANG_ANALYZER_NONNULL = YES;
				CODE_SIGN_IDENTITY = "iPhone Developer";
				INFOPLIST_FILE = "$(SRCROOT)/Resources/Info.plist";
				LD_RUNPATH_SEARCH_PATHS = "$(inherited) @executable_path/Frameworks";
				PRODUCT_BUNDLE_IDENTIFIER = com.rasmusth.BluetoothKitExample;
				SDKROOT = appletvos;
				TARGETED_DEVICE_FAMILY = 3;
				TVOS_DEPLOYMENT_TARGET = 9.0;
			};
			name = Debug;
		};
		C66982881CEB9FA100E23B57 /* Release */ = {
			isa = XCBuildConfiguration;
			buildSettings = {
				ALWAYS_EMBED_SWIFT_STANDARD_LIBRARIES = YES;
				ASSETCATALOG_COMPILER_APPICON_NAME = "Brand Assets";
				ASSETCATALOG_COMPILER_LAUNCHIMAGE_NAME = "Brand Assets";
				CLANG_ANALYZER_NONNULL = YES;
				CODE_SIGN_IDENTITY = "iPhone Developer";
				INFOPLIST_FILE = "$(SRCROOT)/Resources/Info.plist";
				LD_RUNPATH_SEARCH_PATHS = "$(inherited) @executable_path/Frameworks";
				PRODUCT_BUNDLE_IDENTIFIER = com.rasmusth.BluetoothKitExample;
				SDKROOT = appletvos;
				TARGETED_DEVICE_FAMILY = 3;
				TVOS_DEPLOYMENT_TARGET = 9.0;
			};
			name = Release;
		};
		C67A22501B8C7D1B00CB74CE /* Debug */ = {
			isa = XCBuildConfiguration;
			buildSettings = {
				ALWAYS_SEARCH_USER_PATHS = NO;
				CLANG_CXX_LANGUAGE_STANDARD = "gnu++0x";
				CLANG_CXX_LIBRARY = "libc++";
				CLANG_ENABLE_MODULES = YES;
				CLANG_ENABLE_OBJC_ARC = YES;
				CLANG_WARN_BOOL_CONVERSION = YES;
				CLANG_WARN_CONSTANT_CONVERSION = YES;
				CLANG_WARN_DIRECT_OBJC_ISA_USAGE = YES_ERROR;
				CLANG_WARN_EMPTY_BODY = YES;
				CLANG_WARN_ENUM_CONVERSION = YES;
				CLANG_WARN_INFINITE_RECURSION = YES;
				CLANG_WARN_INT_CONVERSION = YES;
				CLANG_WARN_OBJC_ROOT_CLASS = YES_ERROR;
				CLANG_WARN_SUSPICIOUS_MOVE = YES;
				CLANG_WARN_UNREACHABLE_CODE = YES;
				CLANG_WARN__DUPLICATE_METHOD_MATCH = YES;
				CODE_SIGN_IDENTITY = "iPhone Developer";
				COPY_PHASE_STRIP = NO;
				DEBUG_INFORMATION_FORMAT = dwarf;
				ENABLE_STRICT_OBJC_MSGSEND = YES;
				ENABLE_TESTABILITY = YES;
				GCC_C_LANGUAGE_STANDARD = gnu99;
				GCC_DYNAMIC_NO_PIC = NO;
				GCC_NO_COMMON_BLOCKS = YES;
				GCC_OPTIMIZATION_LEVEL = 0;
				GCC_PREPROCESSOR_DEFINITIONS = (
					"DEBUG=1",
					"$(inherited)",
				);
				GCC_WARN_64_TO_32_BIT_CONVERSION = YES;
				GCC_WARN_ABOUT_RETURN_TYPE = YES_ERROR;
				GCC_WARN_UNDECLARED_SELECTOR = YES;
				GCC_WARN_UNINITIALIZED_AUTOS = YES_AGGRESSIVE;
				GCC_WARN_UNUSED_FUNCTION = YES;
				GCC_WARN_UNUSED_VARIABLE = YES;
				IPHONEOS_DEPLOYMENT_TARGET = 8.0;
				MTL_ENABLE_DEBUG_INFO = YES;
				ONLY_ACTIVE_ARCH = YES;
				PRODUCT_NAME = BKExample;
				SDKROOT = iphoneos;
				SWIFT_OPTIMIZATION_LEVEL = "-Onone";
				SWIFT_VERSION = 3.0;
				TARGETED_DEVICE_FAMILY = "1,2";
			};
			name = Debug;
		};
		C67A22511B8C7D1B00CB74CE /* Release */ = {
			isa = XCBuildConfiguration;
			buildSettings = {
				ALWAYS_SEARCH_USER_PATHS = NO;
				CLANG_CXX_LANGUAGE_STANDARD = "gnu++0x";
				CLANG_CXX_LIBRARY = "libc++";
				CLANG_ENABLE_MODULES = YES;
				CLANG_ENABLE_OBJC_ARC = YES;
				CLANG_WARN_BOOL_CONVERSION = YES;
				CLANG_WARN_CONSTANT_CONVERSION = YES;
				CLANG_WARN_DIRECT_OBJC_ISA_USAGE = YES_ERROR;
				CLANG_WARN_EMPTY_BODY = YES;
				CLANG_WARN_ENUM_CONVERSION = YES;
				CLANG_WARN_INFINITE_RECURSION = YES;
				CLANG_WARN_INT_CONVERSION = YES;
				CLANG_WARN_OBJC_ROOT_CLASS = YES_ERROR;
				CLANG_WARN_SUSPICIOUS_MOVE = YES;
				CLANG_WARN_UNREACHABLE_CODE = YES;
				CLANG_WARN__DUPLICATE_METHOD_MATCH = YES;
				CODE_SIGN_IDENTITY = "iPhone Distribution";
				COPY_PHASE_STRIP = NO;
				DEBUG_INFORMATION_FORMAT = "dwarf-with-dsym";
				ENABLE_NS_ASSERTIONS = NO;
				ENABLE_STRICT_OBJC_MSGSEND = YES;
				GCC_C_LANGUAGE_STANDARD = gnu99;
				GCC_NO_COMMON_BLOCKS = YES;
				GCC_WARN_64_TO_32_BIT_CONVERSION = YES;
				GCC_WARN_ABOUT_RETURN_TYPE = YES_ERROR;
				GCC_WARN_UNDECLARED_SELECTOR = YES;
				GCC_WARN_UNINITIALIZED_AUTOS = YES_AGGRESSIVE;
				GCC_WARN_UNUSED_FUNCTION = YES;
				GCC_WARN_UNUSED_VARIABLE = YES;
				IPHONEOS_DEPLOYMENT_TARGET = 8.0;
				MTL_ENABLE_DEBUG_INFO = NO;
				PRODUCT_NAME = BKExample;
				SDKROOT = iphoneos;
				SWIFT_OPTIMIZATION_LEVEL = "-Owholemodule";
				SWIFT_VERSION = 3.0;
				TARGETED_DEVICE_FAMILY = "1,2";
				VALIDATE_PRODUCT = YES;
			};
			name = Release;
		};
		C67A22531B8C7D1B00CB74CE /* Debug */ = {
			isa = XCBuildConfiguration;
			buildSettings = {
				ALWAYS_EMBED_SWIFT_STANDARD_LIBRARIES = YES;
				ASSETCATALOG_COMPILER_APPICON_NAME = AppIcon;
				INFOPLIST_FILE = "$(SRCROOT)/Resources/Info.plist";
				LD_RUNPATH_SEARCH_PATHS = "$(inherited) @executable_path/Frameworks";
				PRODUCT_BUNDLE_IDENTIFIER = com.rasmusth.BluetoothKitExample;
				SWIFT_VERSION = 3.0;
			};
			name = Debug;
		};
		C67A22541B8C7D1B00CB74CE /* Release */ = {
			isa = XCBuildConfiguration;
			buildSettings = {
				ALWAYS_EMBED_SWIFT_STANDARD_LIBRARIES = YES;
				ASSETCATALOG_COMPILER_APPICON_NAME = AppIcon;
				INFOPLIST_FILE = "$(SRCROOT)/Resources/Info.plist";
				LD_RUNPATH_SEARCH_PATHS = "$(inherited) @executable_path/Frameworks";
				PRODUCT_BUNDLE_IDENTIFIER = com.rasmusth.BluetoothKitExample;
				SWIFT_VERSION = 3.0;
			};
			name = Release;
		};
/* End XCBuildConfiguration section */

/* Begin XCConfigurationList section */
		C66982A31CEB9FA100E23B57 /* Build configuration list for PBXNativeTarget "BKExample (tvOS)" */ = {
			isa = XCConfigurationList;
			buildConfigurations = (
				C66982871CEB9FA100E23B57 /* Debug */,
				C66982881CEB9FA100E23B57 /* Release */,
			);
			defaultConfigurationIsVisible = 0;
			defaultConfigurationName = Release;
		};
		C67A223B1B8C7D1B00CB74CE /* Build configuration list for PBXProject "BKExample" */ = {
			isa = XCConfigurationList;
			buildConfigurations = (
				C67A22501B8C7D1B00CB74CE /* Debug */,
				C67A22511B8C7D1B00CB74CE /* Release */,
			);
			defaultConfigurationIsVisible = 0;
			defaultConfigurationName = Release;
		};
		C67A22521B8C7D1B00CB74CE /* Build configuration list for PBXNativeTarget "BKExample (iOS)" */ = {
			isa = XCConfigurationList;
			buildConfigurations = (
				C67A22531B8C7D1B00CB74CE /* Debug */,
				C67A22541B8C7D1B00CB74CE /* Release */,
			);
			defaultConfigurationIsVisible = 0;
			defaultConfigurationName = Release;
		};
/* End XCConfigurationList section */
	};
	rootObject = C67A22381B8C7D1B00CB74CE /* Project object */;
}
